
Microsoft Visual Studio Solution File, Format Version 12.00
# Visual Studio Version 17
VisualStudioVersion = 17.13.35806.99
MinimumVisualStudioVersion = 10.0.40219.1
Project("{FAE04EC0-301F-11D3-BF4B-00C04F79EFBC}") = "VSAIExtension", "VSAIExtension\VSAIExtension.csproj", "{DBA88B9C-888F-47BA-BA73-5D4C7C883F6D}"
EndProject
Global
	GlobalSection(SolutionConfigurationPlatforms) = preSolution
		Debug|Any CPU = Debug|Any CPU
		Release|Any CPU = Release|Any CPU
	EndGlobalSection
	GlobalSection(ProjectConfigurationPlatforms) = postSolution
		{DBA88B9C-888F-47BA-BA73-5D4C7C883F6D}.Debug|Any CPU.ActiveCfg = Debug|Any CPU
		{DBA88B9C-888F-47BA-BA73-5D4C7C883F6D}.Debug|Any CPU.Build.0 = Debug|Any CPU
		{DBA88B9C-888F-47BA-BA73-5D4C7C883F6D}.Release|Any CPU.ActiveCfg = Release|Any CPU
		{DBA88B9C-888F-47BA-BA73-5D4C7C883F6D}.Release|Any CPU.Build.0 = Release|Any CPU
	EndGlobalSection
	GlobalSection(SolutionProperties) = preSolution
		HideSolutionNode = FALSE
	EndGlobalSection
	GlobalSection(ExtensibilityGlobals) = postSolution
		SolutionGuid = {B4208F8D-5C2C-4458-8848-B747CC6A9174}
	EndGlobalSection
EndGlobal
